
Microsoft Visual Studio Solution File, Format Version 12.00
# Visual Studio Version 16
VisualStudioVersion = 16.0.29806.167
MinimumVisualStudioVersion = 10.0.40219.1
Project("{9A19103F-16F7-4668-BE54-9A1E7A4F7556}") = "Api2", "Api2.csproj", "{64C51ACD-6A77-4754-A9B8-590E41EC8A5E}"
EndProject
Global
	GlobalSection(SolutionConfigurationPlatforms) = preSolution
		Debug|Any CPU = Debug|Any CPU
		Release|Any CPU = Release|Any CPU
	EndGlobalSection
	GlobalSection(ProjectConfigurationPlatforms) = postSolution
		{64C51ACD-6A77-4754-A9B8-590E41EC8A5E}.Debug|Any CPU.ActiveCfg = Debug|Any CPU
		{64C51ACD-6A77-4754-A9B8-590E41EC8A5E}.Debug|Any CPU.Build.0 = Debug|Any CPU
		{64C51ACD-6A77-4754-A9B8-590E41EC8A5E}.Release|Any CPU.ActiveCfg = Release|Any CPU
		{64C51ACD-6A77-4754-A9B8-590E41EC8A5E}.Release|Any CPU.Build.0 = Release|Any CPU
	EndGlobalSection
	GlobalSection(SolutionProperties) = preSolution
		HideSolutionNode = FALSE
	EndGlobalSection
	GlobalSection(ExtensibilityGlobals) = postSolution
		SolutionGuid = {5ED320BF-5309-42EE-B5EB-6C4D502D2FCD}
	EndGlobalSection
EndGlobal
